
Microsoft Visual Studio Solution File, Format Version 12.00
# Visual Studio Version 16
VisualStudioVersion = 16.0.30011.22
MinimumVisualStudioVersion = 10.0.40219.1
Project("{FAE04EC0-301F-11D3-BF4B-00C04F79EFBC}") = "RollCallSystem", "RollCallSystem\RollCallSystem.csproj", "{461E16ED-CA8F-4839-823C-6C3A624C96DE}"
EndProject
Global
	GlobalSection(SolutionConfigurationPlatforms) = preSolution
		Debug|Any CPU = Debug|Any CPU
		Release|Any CPU = Release|Any CPU
	EndGlobalSection
	GlobalSection(ProjectConfigurationPlatforms) = postSolution
		{461E16ED-CA8F-4839-823C-6C3A624C96DE}.Debug|Any CPU.ActiveCfg = Debug|Any CPU
		{461E16ED-CA8F-4839-823C-6C3A624C96DE}.Debug|Any CPU.Build.0 = Debug|Any CPU
		{461E16ED-CA8F-4839-823C-6C3A624C96DE}.Release|Any CPU.ActiveCfg = Release|Any CPU
		{461E16ED-CA8F-4839-823C-6C3A624C96DE}.Release|Any CPU.Build.0 = Release|Any CPU
	EndGlobalSection
	GlobalSection(SolutionProperties) = preSolution
		HideSolutionNode = FALSE
	EndGlobalSection
	GlobalSection(ExtensibilityGlobals) = postSolution
		SolutionGuid = {22B34C10-4781-47A9-9F06-744E9A16D43C}
	EndGlobalSection
EndGlobal
